
Microsoft Visual Studio Solution File, Format Version 12.00
# Visual Studio Version 17
VisualStudioVersion = 17.3.32922.545
MinimumVisualStudioVersion = 10.0.40219.1
Project("{8BC9CEB8-8B4A-11D0-8D11-00A0C91BC942}") = "minty", "minty\minty.vcxproj", "{04B17470-CB82-4724-904B-25445926AB86}"
EndProject
Project("{8BC9CEB8-8B4A-11D0-8D11-00A0C91BC942}") = "Launcher", "Launcher\Launcher.vcxproj", "{1C979062-B608-4A70-80FC-E2C8E3170406}"
EndProject
Global
	GlobalSection(SolutionConfigurationPlatforms) = preSolution
		Debug|x64 = Debug|x64
		Debug|x86 = Debug|x86
		Release|x64 = Release|x64
		Release|x86 = Release|x86
	EndGlobalSection
	GlobalSection(ProjectConfigurationPlatforms) = postSolution
		{04B17470-CB82-4724-904B-25445926AB86}.Debug|x64.ActiveCfg = Debug|x64
		{04B17470-CB82-4724-904B-25445926AB86}.Debug|x64.Build.0 = Debug|x64
		{04B17470-CB82-4724-904B-25445926AB86}.Debug|x86.ActiveCfg = Debug|Win32
		{04B17470-CB82-4724-904B-25445926AB86}.Debug|x86.Build.0 = Debug|Win32
		{04B17470-CB82-4724-904B-25445926AB86}.Release|x64.ActiveCfg = Release|x64
		{04B17470-CB82-4724-904B-25445926AB86}.Release|x64.Build.0 = Release|x64
		{04B17470-CB82-4724-904B-25445926AB86}.Release|x86.ActiveCfg = Release|Win32
		{04B17470-CB82-4724-904B-25445926AB86}.Release|x86.Build.0 = Release|Win32
		{1C979062-B608-4A70-80FC-E2C8E3170406}.Debug|x64.ActiveCfg = Debug|x64
		{1C979062-B608-4A70-80FC-E2C8E3170406}.Debug|x64.Build.0 = Debug|x64
		{1C979062-B608-4A70-80FC-E2C8E3170406}.Debug|x86.ActiveCfg = Debug|Win32
		{1C979062-B608-4A70-80FC-E2C8E3170406}.Debug|x86.Build.0 = Debug|Win32
		{1C979062-B608-4A70-80FC-E2C8E3170406}.Release|x64.ActiveCfg = Release|x64
		{1C979062-B608-4A70-80FC-E2C8E3170406}.Release|x64.Build.0 = Release|x64
		{1C979062-B608-4A70-80FC-E2C8E3170406}.Release|x86.ActiveCfg = Release|Win32
		{1C979062-B608-4A70-80FC-E2C8E3170406}.Release|x86.Build.0 = Release|Win32
	EndGlobalSection
	GlobalSection(SolutionProperties) = preSolution
		HideSolutionNode = FALSE
	EndGlobalSection
	GlobalSection(ExtensibilityGlobals) = postSolution
		SolutionGuid = {B53701D3-2EBE-4435-A1B6-C5BDFE16D1A9}
	EndGlobalSection
EndGlobal
